// !$*UTF8*$!
{
	archiveVersion = 1;
	classes = {
	};
	objectVersion = 48;
	objects = {

/* Begin PBXBuildFile section */
		EC3B9A6950EB10D83775D325 /* Pods_AwesomeWallpapers.framework in Frameworks */ = {isa = PBXBuildFile; fileRef = 0FD31C30EF443C5E0296DFFD /* Pods_AwesomeWallpapers.framework */; };
		F50FCEAB250EDD9C0041B417 /* AppDelegate.swift in Sources */ = {isa = PBXBuildFile; fileRef = F50FCEAA250EDD9C0041B417 /* AppDelegate.swift */; };
		F50FCEAD250EDD9C0041B417 /* ViewController.swift in Sources */ = {isa = PBXBuildFile; fileRef = F50FCEAC250EDD9C0041B417 /* ViewController.swift */; };
		F50FCEB0250EDD9C0041B417 /* Main.storyboard in Resources */ = {isa = PBXBuildFile; fileRef = F50FCEAE250EDD9C0041B417 /* Main.storyboard */; };
		F50FCEB2250EDD9C0041B417 /* Assets.xcassets in Resources */ = {isa = PBXBuildFile; fileRef = F50FCEB1250EDD9C0041B417 /* Assets.xcassets */; };
		F50FCEB5250EDD9C0041B417 /* LaunchScreen.storyboard in Resources */ = {isa = PBXBuildFile; fileRef = F50FCEB3250EDD9C0041B417 /* LaunchScreen.storyboard */; };
		F50FCECB250EE6280041B417 /* AboutTableViewCell.swift in Sources */ = {isa = PBXBuildFile; fileRef = F50FCEC9250EE6280041B417 /* AboutTableViewCell.swift */; };
		F50FCECC250EE6280041B417 /* AboutTableViewCell.xib in Resources */ = {isa = PBXBuildFile; fileRef = F50FCECA250EE6280041B417 /* AboutTableViewCell.xib */; };
		F56F5A2C25106136001F55AA /* Wallpaper.swift in Sources */ = {isa = PBXBuildFile; fileRef = F56F5A2B25106136001F55AA /* Wallpaper.swift */; };
		F598E23B251591DF00FDE6FE /* Router.swift in Sources */ = {isa = PBXBuildFile; fileRef = F598E23A251591DF00FDE6FE /* Router.swift */; };
		F598E23D251591F200FDE6FE /* Service.swift in Sources */ = {isa = PBXBuildFile; fileRef = F598E23C251591F200FDE6FE /* Service.swift */; };
		F598E23F2515A3A300FDE6FE /* Result.swift in Sources */ = {isa = PBXBuildFile; fileRef = F598E23E2515A3A300FDE6FE /* Result.swift */; };
		F598E2412515A3B000FDE6FE /* CustomError.swift in Sources */ = {isa = PBXBuildFile; fileRef = F598E2402515A3B000FDE6FE /* CustomError.swift */; };
/* End PBXBuildFile section */

/* Begin PBXFileReference section */
		0FD31C30EF443C5E0296DFFD /* Pods_AwesomeWallpapers.framework */ = {isa = PBXFileReference; explicitFileType = wrapper.framework; includeInIndex = 0; path = Pods_AwesomeWallpapers.framework; sourceTree = BUILT_PRODUCTS_DIR; };
		DFF2028BACC92F48F162050D /* Pods-AwesomeWallpapers.debug.xcconfig */ = {isa = PBXFileReference; includeInIndex = 1; lastKnownFileType = text.xcconfig; name = "Pods-AwesomeWallpapers.debug.xcconfig"; path = "Target Support Files/Pods-AwesomeWallpapers/Pods-AwesomeWallpapers.debug.xcconfig"; sourceTree = "<group>"; };
		F29FD7FF00CE75CEB81E4636 /* Pods-AwesomeWallpapers.release.xcconfig */ = {isa = PBXFileReference; includeInIndex = 1; lastKnownFileType = text.xcconfig; name = "Pods-AwesomeWallpapers.release.xcconfig"; path = "Target Support Files/Pods-AwesomeWallpapers/Pods-AwesomeWallpapers.release.xcconfig"; sourceTree = "<group>"; };
		F50FCEA7250EDD9C0041B417 /* AwesomeWallpapers.app */ = {isa = PBXFileReference; explicitFileType = wrapper.application; includeInIndex = 0; path = AwesomeWallpapers.app; sourceTree = BUILT_PRODUCTS_DIR; };
		F50FCEAA250EDD9C0041B417 /* AppDelegate.swift */ = {isa = PBXFileReference; lastKnownFileType = sourcecode.swift; path = AppDelegate.swift; sourceTree = "<group>"; };
		F50FCEAC250EDD9C0041B417 /* ViewController.swift */ = {isa = PBXFileReference; lastKnownFileType = sourcecode.swift; path = ViewController.swift; sourceTree = "<group>"; };
		F50FCEAF250EDD9C0041B417 /* Base */ = {isa = PBXFileReference; lastKnownFileType = file.storyboard; name = Base; path = Base.lproj/Main.storyboard; sourceTree = "<group>"; };
		F50FCEB1250EDD9C0041B417 /* Assets.xcassets */ = {isa = PBXFileReference; lastKnownFileType = folder.assetcatalog; path = Assets.xcassets; sourceTree = "<group>"; };
		F50FCEB4250EDD9C0041B417 /* Base */ = {isa = PBXFileReference; lastKnownFileType = file.storyboard; name = Base; path = Base.lproj/LaunchScreen.storyboard; sourceTree = "<group>"; };
		F50FCEB6250EDD9C0041B417 /* Info.plist */ = {isa = PBXFileReference; lastKnownFileType = text.plist.xml; path = Info.plist; sourceTree = "<group>"; };
		F50FCEC9250EE6280041B417 /* AboutTableViewCell.swift */ = {isa = PBXFileReference; lastKnownFileType = sourcecode.swift; path = AboutTableViewCell.swift; sourceTree = "<group>"; };
		F50FCECA250EE6280041B417 /* AboutTableViewCell.xib */ = {isa = PBXFileReference; lastKnownFileType = file.xib; path = AboutTableViewCell.xib; sourceTree = "<group>"; };
		F56F5A2B25106136001F55AA /* Wallpaper.swift */ = {isa = PBXFileReference; lastKnownFileType = sourcecode.swift; path = Wallpaper.swift; sourceTree = "<group>"; };
		F598E23A251591DF00FDE6FE /* Router.swift */ = {isa = PBXFileReference; lastKnownFileType = sourcecode.swift; path = Router.swift; sourceTree = "<group>"; };
		F598E23C251591F200FDE6FE /* Service.swift */ = {isa = PBXFileReference; lastKnownFileType = sourcecode.swift; path = Service.swift; sourceTree = "<group>"; };
		F598E23E2515A3A300FDE6FE /* Result.swift */ = {isa = PBXFileReference; lastKnownFileType = sourcecode.swift; path = Result.swift; sourceTree = "<group>"; };
		F598E2402515A3B000FDE6FE /* CustomError.swift */ = {isa = PBXFileReference; lastKnownFileType = sourcecode.swift; path = CustomError.swift; sourceTree = "<group>"; };
/* End PBXFileReference section */

/* Begin PBXFrameworksBuildPhase section */
		F50FCEA4250EDD9C0041B417 /* Frameworks */ = {
			isa = PBXFrameworksBuildPhase;
			buildActionMask = 2147483647;
			files = (
				EC3B9A6950EB10D83775D325 /* Pods_AwesomeWallpapers.framework in Frameworks */,
			);
			runOnlyForDeploymentPostprocessing = 0;
		};
/* End PBXFrameworksBuildPhase section */

/* Begin PBXGroup section */
		0E4FD1E68E3ED9FFCA33CDF4 /* Frameworks */ = {
			isa = PBXGroup;
			children = (
				0FD31C30EF443C5E0296DFFD /* Pods_AwesomeWallpapers.framework */,
			);
			name = Frameworks;
			sourceTree = "<group>";
		};
		C24FDB83FAA93D792FCEA55E /* Pods */ = {
			isa = PBXGroup;
			children = (
				DFF2028BACC92F48F162050D /* Pods-AwesomeWallpapers.debug.xcconfig */,
				F29FD7FF00CE75CEB81E4636 /* Pods-AwesomeWallpapers.release.xcconfig */,
			);
			path = Pods;
			sourceTree = "<group>";
		};
		F500B7442511329D00F3D042 /* Views */ = {
			isa = PBXGroup;
			children = (
				F50FCEAC250EDD9C0041B417 /* ViewController.swift */,
				F50FCEC9250EE6280041B417 /* AboutTableViewCell.swift */,
				F50FCECA250EE6280041B417 /* AboutTableViewCell.xib */,
				F50FCEAE250EDD9C0041B417 /* Main.storyboard */,
				F50FCEB3250EDD9C0041B417 /* LaunchScreen.storyboard */,
			);
			path = Views;
			sourceTree = "<group>";
		};
		F50FCE9E250EDD9C0041B417 = {
			isa = PBXGroup;
			children = (
				F50FCEA9250EDD9C0041B417 /* AwesomeWallpapers */,
				F50FCEA8250EDD9C0041B417 /* Products */,
				C24FDB83FAA93D792FCEA55E /* Pods */,
				0E4FD1E68E3ED9FFCA33CDF4 /* Frameworks */,
			);
			sourceTree = "<group>";
		};
		F50FCEA8250EDD9C0041B417 /* Products */ = {
			isa = PBXGroup;
			children = (
				F50FCEA7250EDD9C0041B417 /* AwesomeWallpapers.app */,
			);
			name = Products;
			sourceTree = "<group>";
		};
		F50FCEA9250EDD9C0041B417 /* AwesomeWallpapers */ = {
			isa = PBXGroup;
			children = (
				F50FCEAA250EDD9C0041B417 /* AppDelegate.swift */,
				F56F5A2D2510613C001F55AA /* Models */,
				F598E239251591B000FDE6FE /* Network */,
				F500B7442511329D00F3D042 /* Views */,
				F50FCEB1250EDD9C0041B417 /* Assets.xcassets */,
				F50FCEB6250EDD9C0041B417 /* Info.plist */,
			);
			path = AwesomeWallpapers;
			sourceTree = "<group>";
		};
		F56F5A2D2510613C001F55AA /* Models */ = {
			isa = PBXGroup;
			children = (
				F56F5A2B25106136001F55AA /* Wallpaper.swift */,
			);
			path = Models;
			sourceTree = "<group>";
		};
		F598E239251591B000FDE6FE /* Network */ = {
			isa = PBXGroup;
			children = (
				F598E23A251591DF00FDE6FE /* Router.swift */,
				F598E23C251591F200FDE6FE /* Service.swift */,
				F598E23E2515A3A300FDE6FE /* Result.swift */,
				F598E2402515A3B000FDE6FE /* CustomError.swift */,
			);
			path = Network;
			sourceTree = "<group>";
		};
/* End PBXGroup section */

/* Begin PBXNativeTarget section */
		F50FCEA6250EDD9C0041B417 /* AwesomeWallpapers */ = {
			isa = PBXNativeTarget;
			buildConfigurationList = F50FCEB9250EDD9C0041B417 /* Build configuration list for PBXNativeTarget "AwesomeWallpapers" */;
			buildPhases = (
				5D52D607FA903369D81A3C3E /* [CP] Check Pods Manifest.lock */,
				F50FCEA3250EDD9C0041B417 /* Sources */,
				F50FCEA4250EDD9C0041B417 /* Frameworks */,
				F50FCEA5250EDD9C0041B417 /* Resources */,
				F6028E124A8FE55B959AA039 /* [CP] Embed Pods Frameworks */,
			);
			buildRules = (
			);
			dependencies = (
			);
			name = AwesomeWallpapers;
			productName = AwesomeWallpapers;
			productReference = F50FCEA7250EDD9C0041B417 /* AwesomeWallpapers.app */;
			productType = "com.apple.product-type.application";
		};
/* End PBXNativeTarget section */

/* Begin PBXProject section */
		F50FCE9F250EDD9C0041B417 /* Project object */ = {
			isa = PBXProject;
			attributes = {
				LastSwiftUpdateCheck = 0910;
				LastUpgradeCheck = 0910;
				ORGANIZATIONNAME = "Martha Salomão de Moraes";
				TargetAttributes = {
					F50FCEA6250EDD9C0041B417 = {
						CreatedOnToolsVersion = 9.1;
						ProvisioningStyle = Automatic;
					};
				};
			};
			buildConfigurationList = F50FCEA2250EDD9C0041B417 /* Build configuration list for PBXProject "AwesomeWallpapers" */;
			compatibilityVersion = "Xcode 8.0";
			developmentRegion = en;
			hasScannedForEncodings = 0;
			knownRegions = (
				en,
				Base,
			);
			mainGroup = F50FCE9E250EDD9C0041B417;
			productRefGroup = F50FCEA8250EDD9C0041B417 /* Products */;
			projectDirPath = "";
			projectRoot = "";
			targets = (
				F50FCEA6250EDD9C0041B417 /* AwesomeWallpapers */,
			);
		};
/* End PBXProject section */

/* Begin PBXResourcesBuildPhase section */
		F50FCEA5250EDD9C0041B417 /* Resources */ = {
			isa = PBXResourcesBuildPhase;
			buildActionMask = 2147483647;
			files = (
				F50FCEB5250EDD9C0041B417 /* LaunchScreen.storyboard in Resources */,
				F50FCEB2250EDD9C0041B417 /* Assets.xcassets in Resources */,
				F50FCECC250EE6280041B417 /* AboutTableViewCell.xib in Resources */,
				F50FCEB0250EDD9C0041B417 /* Main.storyboard in Resources */,
			);
			runOnlyForDeploymentPostprocessing = 0;
		};
/* End PBXResourcesBuildPhase section */

/* Begin PBXShellScriptBuildPhase section */
		5D52D607FA903369D81A3C3E /* [CP] Check Pods Manifest.lock */ = {
			isa = PBXShellScriptBuildPhase;
			buildActionMask = 2147483647;
			files = (
			);
			inputPaths = (
				"${PODS_PODFILE_DIR_PATH}/Podfile.lock",
				"${PODS_ROOT}/Manifest.lock",
			);
			name = "[CP] Check Pods Manifest.lock";
			outputPaths = (
				"$(DERIVED_FILE_DIR)/Pods-AwesomeWallpapers-checkManifestLockResult.txt",
			);
			runOnlyForDeploymentPostprocessing = 0;
			shellPath = /bin/sh;
			shellScript = "diff \"${PODS_PODFILE_DIR_PATH}/Podfile.lock\" \"${PODS_ROOT}/Manifest.lock\" > /dev/null\nif [ $? != 0 ] ; then\n    # print error to STDERR\n    echo \"error: The sandbox is not in sync with the Podfile.lock. Run 'pod install' or update your CocoaPods installation.\" >&2\n    exit 1\nfi\n# This output is used by Xcode 'outputs' to avoid re-running this script phase.\necho \"SUCCESS\" > \"${SCRIPT_OUTPUT_FILE_0}\"\n";
			showEnvVarsInLog = 0;
		};
		F6028E124A8FE55B959AA039 /* [CP] Embed Pods Frameworks */ = {
			isa = PBXShellScriptBuildPhase;
			buildActionMask = 2147483647;
			files = (
			);
			inputPaths = (
				"${PODS_ROOT}/Target Support Files/Pods-AwesomeWallpapers/Pods-AwesomeWallpapers-frameworks.sh",
				"${BUILT_PRODUCTS_DIR}/Kingfisher/Kingfisher.framework",
			);
			name = "[CP] Embed Pods Frameworks";
			outputPaths = (
				"${TARGET_BUILD_DIR}/${FRAMEWORKS_FOLDER_PATH}/Kingfisher.framework",
			);
			runOnlyForDeploymentPostprocessing = 0;
			shellPath = /bin/sh;
			shellScript = "\"${PODS_ROOT}/Target Support Files/Pods-AwesomeWallpapers/Pods-AwesomeWallpapers-frameworks.sh\"\n";
			showEnvVarsInLog = 0;
		};
/* End PBXShellScriptBuildPhase section */

/* Begin PBXSourcesBuildPhase section */
		F50FCEA3250EDD9C0041B417 /* Sources */ = {
			isa = PBXSourcesBuildPhase;
			buildActionMask = 2147483647;
			files = (
				F50FCECB250EE6280041B417 /* AboutTableViewCell.swift in Sources */,
				F598E2412515A3B000FDE6FE /* CustomError.swift in Sources */,
				F50FCEAD250EDD9C0041B417 /* ViewController.swift in Sources */,
				F598E23B251591DF00FDE6FE /* Router.swift in Sources */,
				F56F5A2C25106136001F55AA /* Wallpaper.swift in Sources */,
				F598E23F2515A3A300FDE6FE /* Result.swift in Sources */,
				F598E23D251591F200FDE6FE /* Service.swift in Sources */,
				F50FCEAB250EDD9C0041B417 /* AppDelegate.swift in Sources */,
			);
			runOnlyForDeploymentPostprocessing = 0;
		};
/* End PBXSourcesBuildPhase section */

/* Begin PBXVariantGroup section */
		F50FCEAE250EDD9C0041B417 /* Main.storyboard */ = {
			isa = PBXVariantGroup;
			children = (
				F50FCEAF250EDD9C0041B417 /* Base */,
			);
			name = Main.storyboard;
			sourceTree = "<group>";
		};
		F50FCEB3250EDD9C0041B417 /* LaunchScreen.storyboard */ = {
			isa = PBXVariantGroup;
			children = (
				F50FCEB4250EDD9C0041B417 /* Base */,
			);
			name = LaunchScreen.storyboard;
			sourceTree = "<group>";
		};
/* End PBXVariantGroup section */

/* Begin XCBuildConfiguration section */
		F50FCEB7250EDD9C0041B417 /* Debug */ = {
			isa = XCBuildConfiguration;
			buildSettings = {
				ALWAYS_SEARCH_USER_PATHS = NO;
				CLANG_ANALYZER_NONNULL = YES;
				CLANG_ANALYZER_NUMBER_OBJECT_CONVERSION = YES_AGGRESSIVE;
				CLANG_CXX_LANGUAGE_STANDARD = "gnu++14";
				CLANG_CXX_LIBRARY = "libc++";
				CLANG_ENABLE_MODULES = YES;
				CLANG_ENABLE_OBJC_ARC = YES;
				CLANG_WARN_BLOCK_CAPTURE_AUTORELEASING = YES;
				CLANG_WARN_BOOL_CONVERSION = YES;
				CLANG_WARN_COMMA = YES;
				CLANG_WARN_CONSTANT_CONVERSION = YES;
				CLANG_WARN_DIRECT_OBJC_ISA_USAGE = YES_ERROR;
				CLANG_WARN_DOCUMENTATION_COMMENTS = YES;
				CLANG_WARN_EMPTY_BODY = YES;
				CLANG_WARN_ENUM_CONVERSION = YES;
				CLANG_WARN_INFINITE_RECURSION = YES;
				CLANG_WARN_INT_CONVERSION = YES;
				CLANG_WARN_NON_LITERAL_NULL_CONVERSION = YES;
				CLANG_WARN_OBJC_LITERAL_CONVERSION = YES;
				CLANG_WARN_OBJC_ROOT_CLASS = YES_ERROR;
				CLANG_WARN_RANGE_LOOP_ANALYSIS = YES;
				CLANG_WARN_STRICT_PROTOTYPES = YES;
				CLANG_WARN_SUSPICIOUS_MOVE = YES;
				CLANG_WARN_UNGUARDED_AVAILABILITY = YES_AGGRESSIVE;
				CLANG_WARN_UNREACHABLE_CODE = YES;
				CLANG_WARN__DUPLICATE_METHOD_MATCH = YES;
				CODE_SIGN_IDENTITY = "iPhone Developer";
				COPY_PHASE_STRIP = NO;
				DEBUG_INFORMATION_FORMAT = dwarf;
				ENABLE_STRICT_OBJC_MSGSEND = YES;
				ENABLE_TESTABILITY = YES;
				GCC_C_LANGUAGE_STANDARD = gnu11;
				GCC_DYNAMIC_NO_PIC = NO;
				GCC_NO_COMMON_BLOCKS = YES;
				GCC_OPTIMIZATION_LEVEL = 0;
				GCC_PREPROCESSOR_DEFINITIONS = (
					"DEBUG=1",
					"$(inherited)",
				);
				GCC_WARN_64_TO_32_BIT_CONVERSION = YES;
				GCC_WARN_ABOUT_RETURN_TYPE = YES_ERROR;
				GCC_WARN_UNDECLARED_SELECTOR = YES;
				GCC_WARN_UNINITIALIZED_AUTOS = YES_AGGRESSIVE;
				GCC_WARN_UNUSED_FUNCTION = YES;
				GCC_WARN_UNUSED_VARIABLE = YES;
				IPHONEOS_DEPLOYMENT_TARGET = 11.1;
				MTL_ENABLE_DEBUG_INFO = YES;
				ONLY_ACTIVE_ARCH = YES;
				SDKROOT = iphoneos;
				SWIFT_ACTIVE_COMPILATION_CONDITIONS = DEBUG;
				SWIFT_OPTIMIZATION_LEVEL = "-Onone";
				SWIFT_VERSION = 4.0;
			};
			name = Debug;
		};
		F50FCEB8250EDD9C0041B417 /* Release */ = {
			isa = XCBuildConfiguration;
			buildSettings = {
				ALWAYS_SEARCH_USER_PATHS = NO;
				CLANG_ANALYZER_NONNULL = YES;
				CLANG_ANALYZER_NUMBER_OBJECT_CONVERSION = YES_AGGRESSIVE;
				CLANG_CXX_LANGUAGE_STANDARD = "gnu++14";
				CLANG_CXX_LIBRARY = "libc++";
				CLANG_ENABLE_MODULES = YES;
				CLANG_ENABLE_OBJC_ARC = YES;
				CLANG_WARN_BLOCK_CAPTURE_AUTORELEASING = YES;
				CLANG_WARN_BOOL_CONVERSION = YES;
				CLANG_WARN_COMMA = YES;
				CLANG_WARN_CONSTANT_CONVERSION = YES;
				CLANG_WARN_DIRECT_OBJC_ISA_USAGE = YES_ERROR;
				CLANG_WARN_DOCUMENTATION_COMMENTS = YES;
				CLANG_WARN_EMPTY_BODY = YES;
				CLANG_WARN_ENUM_CONVERSION = YES;
				CLANG_WARN_INFINITE_RECURSION = YES;
				CLANG_WARN_INT_CONVERSION = YES;
				CLANG_WARN_NON_LITERAL_NULL_CONVERSION = YES;
				CLANG_WARN_OBJC_LITERAL_CONVERSION = YES;
				CLANG_WARN_OBJC_ROOT_CLASS = YES_ERROR;
				CLANG_WARN_RANGE_LOOP_ANALYSIS = YES;
				CLANG_WARN_STRICT_PROTOTYPES = YES;
				CLANG_WARN_SUSPICIOUS_MOVE = YES;
				CLANG_WARN_UNGUARDED_AVAILABILITY = YES_AGGRESSIVE;
				CLANG_WARN_UNREACHABLE_CODE = YES;
				CLANG_WARN__DUPLICATE_METHOD_MATCH = YES;
				CODE_SIGN_IDENTITY = "iPhone Developer";
				COPY_PHASE_STRIP = NO;
				DEBUG_INFORMATION_FORMAT = "dwarf-with-dsym";
				ENABLE_NS_ASSERTIONS = NO;
				ENABLE_STRICT_OBJC_MSGSEND = YES;
				GCC_C_LANGUAGE_STANDARD = gnu11;
				GCC_NO_COMMON_BLOCKS = YES;
				GCC_WARN_64_TO_32_BIT_CONVERSION = YES;
				GCC_WARN_ABOUT_RETURN_TYPE = YES_ERROR;
				GCC_WARN_UNDECLARED_SELECTOR = YES;
				GCC_WARN_UNINITIALIZED_AUTOS = YES_AGGRESSIVE;
				GCC_WARN_UNUSED_FUNCTION = YES;
				GCC_WARN_UNUSED_VARIABLE = YES;
				IPHONEOS_DEPLOYMENT_TARGET = 11.1;
				MTL_ENABLE_DEBUG_INFO = NO;
				SDKROOT = iphoneos;
				SWIFT_OPTIMIZATION_LEVEL = "-Owholemodule";
				SWIFT_VERSION = 4.0;
				VALIDATE_PRODUCT = YES;
			};
			name = Release;
		};
		F50FCEBA250EDD9C0041B417 /* Debug */ = {
			isa = XCBuildConfiguration;
			baseConfigurationReference = DFF2028BACC92F48F162050D /* Pods-AwesomeWallpapers.debug.xcconfig */;
			buildSettings = {
				ASSETCATALOG_COMPILER_APPICON_NAME = AppIcon;
				CODE_SIGN_STYLE = Automatic;
				INFOPLIST_FILE = AwesomeWallpapers/Info.plist;
				LD_RUNPATH_SEARCH_PATHS = "$(inherited) @executable_path/Frameworks";
				PRODUCT_BUNDLE_IDENTIFIER = com.marthasalomaodemoraes.AwesomeWallpapers;
				PRODUCT_NAME = "$(TARGET_NAME)";
				SWIFT_VERSION = 4.0;
				TARGETED_DEVICE_FAMILY = "1,2";
			};
			name = Debug;
		};
		F50FCEBB250EDD9C0041B417 /* Release */ = {
			isa = XCBuildConfiguration;
			baseConfigurationReference = F29FD7FF00CE75CEB81E4636 /* Pods-AwesomeWallpapers.release.xcconfig */;
			buildSettings = {
				ASSETCATALOG_COMPILER_APPICON_NAME = AppIcon;
				CODE_SIGN_STYLE = Automatic;
				INFOPLIST_FILE = AwesomeWallpapers/Info.plist;
				LD_RUNPATH_SEARCH_PATHS = "$(inherited) @executable_path/Frameworks";
				PRODUCT_BUNDLE_IDENTIFIER = com.marthasalomaodemoraes.AwesomeWallpapers;
				PRODUCT_NAME = "$(TARGET_NAME)";
				SWIFT_VERSION = 4.0;
				TARGETED_DEVICE_FAMILY = "1,2";
			};
			name = Release;
		};
/* End XCBuildConfiguration section */

/* Begin XCConfigurationList section */
		F50FCEA2250EDD9C0041B417 /* Build configuration list for PBXProject "AwesomeWallpapers" */ = {
			isa = XCConfigurationList;
			buildConfigurations = (
				F50FCEB7250EDD9C0041B417 /* Debug */,
				F50FCEB8250EDD9C0041B417 /* Release */,
			);
			defaultConfigurationIsVisible = 0;
			defaultConfigurationName = Release;
		};
		F50FCEB9250EDD9C0041B417 /* Build configuration list for PBXNativeTarget "AwesomeWallpapers" */ = {
			isa = XCConfigurationList;
			buildConfigurations = (
				F50FCEBA250EDD9C0041B417 /* Debug */,
				F50FCEBB250EDD9C0041B417 /* Release */,
			);
			defaultConfigurationIsVisible = 0;
			defaultConfigurationName = Release;
		};
/* End XCConfigurationList section */
	};
	rootObject = F50FCE9F250EDD9C0041B417 /* Project object */;
}
